
Microsoft Visual Studio Solution File, Format Version 12.00
# Visual Studio Version 17
VisualStudioVersion = 17.11.35327.3
MinimumVisualStudioVersion = 10.0.40219.1
Project("{9A19103F-16F7-4668-BE54-9A1E7A4F7556}") = "CC245X_Terminal", "CC245X_Terminal.csproj", "{FEE8DB8A-78D6-4B79-890A-B975E7C5A058}"
EndProject
Global
	GlobalSection(SolutionConfigurationPlatforms) = preSolution
		Debug|Any CPU = Debug|Any CPU
		Debug|x64 = Debug|x64
		Release|Any CPU = Release|Any CPU
		Release|x64 = Release|x64
	EndGlobalSection
	GlobalSection(ProjectConfigurationPlatforms) = postSolution
		{FEE8DB8A-78D6-4B79-890A-B975E7C5A058}.Debug|Any CPU.ActiveCfg = Debug|Any CPU
		{FEE8DB8A-78D6-4B79-890A-B975E7C5A058}.Debug|Any CPU.Build.0 = Debug|Any CPU
		{FEE8DB8A-78D6-4B79-890A-B975E7C5A058}.Debug|x64.ActiveCfg = Debug|x64
		{FEE8DB8A-78D6-4B79-890A-B975E7C5A058}.Debug|x64.Build.0 = Debug|x64
		{FEE8DB8A-78D6-4B79-890A-B975E7C5A058}.Release|Any CPU.ActiveCfg = Release|Any CPU
		{FEE8DB8A-78D6-4B79-890A-B975E7C5A058}.Release|Any CPU.Build.0 = Release|Any CPU
		{FEE8DB8A-78D6-4B79-890A-B975E7C5A058}.Release|x64.ActiveCfg = Release|x64
		{FEE8DB8A-78D6-4B79-890A-B975E7C5A058}.Release|x64.Build.0 = Release|x64
	EndGlobalSection
	GlobalSection(SolutionProperties) = preSolution
		HideSolutionNode = FALSE
	EndGlobalSection
	GlobalSection(ExtensibilityGlobals) = postSolution
		SolutionGuid = {151797EA-FE73-43AB-891B-0DBCF772625B}
	EndGlobalSection
EndGlobal
